
Microsoft Visual Studio Solution File, Format Version 12.00
# Visual Studio Version 17
VisualStudioVersion = 17.11.35303.130
MinimumVisualStudioVersion = 10.0.40219.1
Project("{8BC9CEB8-8B4A-11D0-8D11-00A0C91BC942}") = "컴그워밍업5", "컴그워밍업5\컴그워밍업5.vcxproj", "{DB99C241-5363-445D-B554-503BB232738E}"
EndProject
Global
	GlobalSection(SolutionConfigurationPlatforms) = preSolution
		Debug|x64 = Debug|x64
		Debug|x86 = Debug|x86
		Release|x64 = Release|x64
		Release|x86 = Release|x86
	EndGlobalSection
	GlobalSection(ProjectConfigurationPlatforms) = postSolution
		{DB99C241-5363-445D-B554-503BB232738E}.Debug|x64.ActiveCfg = Debug|x64
		{DB99C241-5363-445D-B554-503BB232738E}.Debug|x64.Build.0 = Debug|x64
		{DB99C241-5363-445D-B554-503BB232738E}.Debug|x86.ActiveCfg = Debug|Win32
		{DB99C241-5363-445D-B554-503BB232738E}.Debug|x86.Build.0 = Debug|Win32
		{DB99C241-5363-445D-B554-503BB232738E}.Release|x64.ActiveCfg = Release|x64
		{DB99C241-5363-445D-B554-503BB232738E}.Release|x64.Build.0 = Release|x64
		{DB99C241-5363-445D-B554-503BB232738E}.Release|x86.ActiveCfg = Release|Win32
		{DB99C241-5363-445D-B554-503BB232738E}.Release|x86.Build.0 = Release|Win32
	EndGlobalSection
	GlobalSection(SolutionProperties) = preSolution
		HideSolutionNode = FALSE
	EndGlobalSection
	GlobalSection(ExtensibilityGlobals) = postSolution
		SolutionGuid = {2E218D66-4DDD-4267-B0C2-1D0EF5507536}
	EndGlobalSection
EndGlobal
